// !$*UTF8*$!
{
	archiveVersion = 1;
	classes = {
	};
	objectVersion = 50;
	objects = {

/* Begin PBXBuildFile section */
		CE2E062F21CDF3BE00839251 /* AppDelegate.swift in Sources */ = {isa = PBXBuildFile; fileRef = CE2E062E21CDF3BE00839251 /* AppDelegate.swift */; };
		CE2E063421CDF3BE00839251 /* Main.storyboard in Resources */ = {isa = PBXBuildFile; fileRef = CE2E063221CDF3BE00839251 /* Main.storyboard */; };
		CE2E063621CDF3C000839251 /* Assets.xcassets in Resources */ = {isa = PBXBuildFile; fileRef = CE2E063521CDF3C000839251 /* Assets.xcassets */; };
		CE2E063921CDF3C000839251 /* LaunchScreen.storyboard in Resources */ = {isa = PBXBuildFile; fileRef = CE2E063721CDF3C000839251 /* LaunchScreen.storyboard */; };
		CE2E064421CDF3C000839251 /* multipleTests.swift in Sources */ = {isa = PBXBuildFile; fileRef = CE2E064321CDF3C000839251 /* multipleTests.swift */; };
		CE2E064F21CDF3C100839251 /* multipleUITests.swift in Sources */ = {isa = PBXBuildFile; fileRef = CE2E064E21CDF3C100839251 /* multipleUITests.swift */; };
		CE2E065D21CE06E900839251 /* AVPlayerView.swift in Sources */ = {isa = PBXBuildFile; fileRef = CE2E065C21CE06E900839251 /* AVPlayerView.swift */; };
		CE2E065F21CE079F00839251 /* MovieViewController.swift in Sources */ = {isa = PBXBuildFile; fileRef = CE2E065E21CE079F00839251 /* MovieViewController.swift */; };
		CE576FFF21CF284B00BC89D7 /* TableViewController.swift in Sources */ = {isa = PBXBuildFile; fileRef = CE576FFE21CF284B00BC89D7 /* TableViewController.swift */; };
		CEC7D35921D07642004687B2 /* AppDelegate.swift in Sources */ = {isa = PBXBuildFile; fileRef = CEC7D35821D07642004687B2 /* AppDelegate.swift */; };
		CEC7D35B21D07642004687B2 /* ViewController.swift in Sources */ = {isa = PBXBuildFile; fileRef = CEC7D35A21D07642004687B2 /* ViewController.swift */; };
		CEC7D35E21D07642004687B2 /* Main.storyboard in Resources */ = {isa = PBXBuildFile; fileRef = CEC7D35C21D07642004687B2 /* Main.storyboard */; };
		CEC7D36021D07644004687B2 /* Assets.xcassets in Resources */ = {isa = PBXBuildFile; fileRef = CEC7D35F21D07644004687B2 /* Assets.xcassets */; };
		CEC7D36B21D07644004687B2 /* tvmaltipleTests.swift in Sources */ = {isa = PBXBuildFile; fileRef = CEC7D36A21D07644004687B2 /* tvmaltipleTests.swift */; };
		CEC7D37621D07644004687B2 /* tvmaltipleUITests.swift in Sources */ = {isa = PBXBuildFile; fileRef = CEC7D37521D07644004687B2 /* tvmaltipleUITests.swift */; };
		CEC7D38121D0764D004687B2 /* MovieViewController.swift in Sources */ = {isa = PBXBuildFile; fileRef = CE2E065E21CE079F00839251 /* MovieViewController.swift */; };
		CEC7D38221D076DA004687B2 /* AVPlayerView.swift in Sources */ = {isa = PBXBuildFile; fileRef = CE2E065C21CE06E900839251 /* AVPlayerView.swift */; };
/* End PBXBuildFile section */

/* Begin PBXContainerItemProxy section */
		CE2E064021CDF3C000839251 /* PBXContainerItemProxy */ = {
			isa = PBXContainerItemProxy;
			containerPortal = CE2E062321CDF3BE00839251 /* Project object */;
			proxyType = 1;
			remoteGlobalIDString = CE2E062A21CDF3BE00839251;
			remoteInfo = multiple;
		};
		CE2E064B21CDF3C000839251 /* PBXContainerItemProxy */ = {
			isa = PBXContainerItemProxy;
			containerPortal = CE2E062321CDF3BE00839251 /* Project object */;
			proxyType = 1;
			remoteGlobalIDString = CE2E062A21CDF3BE00839251;
			remoteInfo = multiple;
		};
		CEC7D36721D07644004687B2 /* PBXContainerItemProxy */ = {
			isa = PBXContainerItemProxy;
			containerPortal = CE2E062321CDF3BE00839251 /* Project object */;
			proxyType = 1;
			remoteGlobalIDString = CEC7D35521D07641004687B2;
			remoteInfo = tvmaltiple;
		};
		CEC7D37221D07644004687B2 /* PBXContainerItemProxy */ = {
			isa = PBXContainerItemProxy;
			containerPortal = CE2E062321CDF3BE00839251 /* Project object */;
			proxyType = 1;
			remoteGlobalIDString = CEC7D35521D07641004687B2;
			remoteInfo = tvmaltiple;
		};
/* End PBXContainerItemProxy section */

/* Begin PBXFileReference section */
		CE2E062B21CDF3BE00839251 /* multiple.app */ = {isa = PBXFileReference; explicitFileType = wrapper.application; includeInIndex = 0; path = multiple.app; sourceTree = BUILT_PRODUCTS_DIR; };
		CE2E062E21CDF3BE00839251 /* AppDelegate.swift */ = {isa = PBXFileReference; lastKnownFileType = sourcecode.swift; path = AppDelegate.swift; sourceTree = "<group>"; };
		CE2E063321CDF3BE00839251 /* Base */ = {isa = PBXFileReference; lastKnownFileType = file.storyboard; name = Base; path = Base.lproj/Main.storyboard; sourceTree = "<group>"; };
		CE2E063521CDF3C000839251 /* Assets.xcassets */ = {isa = PBXFileReference; lastKnownFileType = folder.assetcatalog; path = Assets.xcassets; sourceTree = "<group>"; };
		CE2E063821CDF3C000839251 /* Base */ = {isa = PBXFileReference; lastKnownFileType = file.storyboard; name = Base; path = Base.lproj/LaunchScreen.storyboard; sourceTree = "<group>"; };
		CE2E063A21CDF3C000839251 /* Info.plist */ = {isa = PBXFileReference; lastKnownFileType = text.plist.xml; path = Info.plist; sourceTree = "<group>"; };
		CE2E063F21CDF3C000839251 /* multipleTests.xctest */ = {isa = PBXFileReference; explicitFileType = wrapper.cfbundle; includeInIndex = 0; path = multipleTests.xctest; sourceTree = BUILT_PRODUCTS_DIR; };
		CE2E064321CDF3C000839251 /* multipleTests.swift */ = {isa = PBXFileReference; lastKnownFileType = sourcecode.swift; path = multipleTests.swift; sourceTree = "<group>"; };
		CE2E064521CDF3C000839251 /* Info.plist */ = {isa = PBXFileReference; lastKnownFileType = text.plist.xml; path = Info.plist; sourceTree = "<group>"; };
		CE2E064A21CDF3C000839251 /* multipleUITests.xctest */ = {isa = PBXFileReference; explicitFileType = wrapper.cfbundle; includeInIndex = 0; path = multipleUITests.xctest; sourceTree = BUILT_PRODUCTS_DIR; };
		CE2E064E21CDF3C100839251 /* multipleUITests.swift */ = {isa = PBXFileReference; lastKnownFileType = sourcecode.swift; path = multipleUITests.swift; sourceTree = "<group>"; };
		CE2E065021CDF3C100839251 /* Info.plist */ = {isa = PBXFileReference; lastKnownFileType = text.plist.xml; path = Info.plist; sourceTree = "<group>"; };
		CE2E065C21CE06E900839251 /* AVPlayerView.swift */ = {isa = PBXFileReference; lastKnownFileType = sourcecode.swift; path = AVPlayerView.swift; sourceTree = "<group>"; };
		CE2E065E21CE079F00839251 /* MovieViewController.swift */ = {isa = PBXFileReference; lastKnownFileType = sourcecode.swift; path = MovieViewController.swift; sourceTree = "<group>"; };
		CE576FFE21CF284B00BC89D7 /* TableViewController.swift */ = {isa = PBXFileReference; lastKnownFileType = sourcecode.swift; path = TableViewController.swift; sourceTree = "<group>"; };
		CEC7D35621D07641004687B2 /* tvmaltiple.app */ = {isa = PBXFileReference; explicitFileType = wrapper.application; includeInIndex = 0; path = tvmaltiple.app; sourceTree = BUILT_PRODUCTS_DIR; };
		CEC7D35821D07642004687B2 /* AppDelegate.swift */ = {isa = PBXFileReference; lastKnownFileType = sourcecode.swift; path = AppDelegate.swift; sourceTree = "<group>"; };
		CEC7D35A21D07642004687B2 /* ViewController.swift */ = {isa = PBXFileReference; lastKnownFileType = sourcecode.swift; path = ViewController.swift; sourceTree = "<group>"; };
		CEC7D35D21D07642004687B2 /* Base */ = {isa = PBXFileReference; lastKnownFileType = file.storyboard; name = Base; path = Base.lproj/Main.storyboard; sourceTree = "<group>"; };
		CEC7D35F21D07644004687B2 /* Assets.xcassets */ = {isa = PBXFileReference; lastKnownFileType = folder.assetcatalog; path = Assets.xcassets; sourceTree = "<group>"; };
		CEC7D36121D07644004687B2 /* Info.plist */ = {isa = PBXFileReference; lastKnownFileType = text.plist.xml; path = Info.plist; sourceTree = "<group>"; };
		CEC7D36621D07644004687B2 /* tvmaltipleTests.xctest */ = {isa = PBXFileReference; explicitFileType = wrapper.cfbundle; includeInIndex = 0; path = tvmaltipleTests.xctest; sourceTree = BUILT_PRODUCTS_DIR; };
		CEC7D36A21D07644004687B2 /* tvmaltipleTests.swift */ = {isa = PBXFileReference; lastKnownFileType = sourcecode.swift; path = tvmaltipleTests.swift; sourceTree = "<group>"; };
		CEC7D36C21D07644004687B2 /* Info.plist */ = {isa = PBXFileReference; lastKnownFileType = text.plist.xml; path = Info.plist; sourceTree = "<group>"; };
		CEC7D37121D07644004687B2 /* tvmaltipleUITests.xctest */ = {isa = PBXFileReference; explicitFileType = wrapper.cfbundle; includeInIndex = 0; path = tvmaltipleUITests.xctest; sourceTree = BUILT_PRODUCTS_DIR; };
		CEC7D37521D07644004687B2 /* tvmaltipleUITests.swift */ = {isa = PBXFileReference; lastKnownFileType = sourcecode.swift; path = tvmaltipleUITests.swift; sourceTree = "<group>"; };
		CEC7D37721D07644004687B2 /* Info.plist */ = {isa = PBXFileReference; lastKnownFileType = text.plist.xml; path = Info.plist; sourceTree = "<group>"; };
/* End PBXFileReference section */

/* Begin PBXFrameworksBuildPhase section */
		CE2E062821CDF3BE00839251 /* Frameworks */ = {
			isa = PBXFrameworksBuildPhase;
			buildActionMask = 2147483647;
			files = (
			);
			runOnlyForDeploymentPostprocessing = 0;
		};
		CE2E063C21CDF3C000839251 /* Frameworks */ = {
			isa = PBXFrameworksBuildPhase;
			buildActionMask = 2147483647;
			files = (
			);
			runOnlyForDeploymentPostprocessing = 0;
		};
		CE2E064721CDF3C000839251 /* Frameworks */ = {
			isa = PBXFrameworksBuildPhase;
			buildActionMask = 2147483647;
			files = (
			);
			runOnlyForDeploymentPostprocessing = 0;
		};
		CEC7D35321D07641004687B2 /* Frameworks */ = {
			isa = PBXFrameworksBuildPhase;
			buildActionMask = 2147483647;
			files = (
			);
			runOnlyForDeploymentPostprocessing = 0;
		};
		CEC7D36321D07644004687B2 /* Frameworks */ = {
			isa = PBXFrameworksBuildPhase;
			buildActionMask = 2147483647;
			files = (
			);
			runOnlyForDeploymentPostprocessing = 0;
		};
		CEC7D36E21D07644004687B2 /* Frameworks */ = {
			isa = PBXFrameworksBuildPhase;
			buildActionMask = 2147483647;
			files = (
			);
			runOnlyForDeploymentPostprocessing = 0;
		};
/* End PBXFrameworksBuildPhase section */

/* Begin PBXGroup section */
		CE2E062221CDF3BE00839251 = {
			isa = PBXGroup;
			children = (
				CE2E062D21CDF3BE00839251 /* multiple */,
				CE2E064221CDF3C000839251 /* multipleTests */,
				CE2E064D21CDF3C100839251 /* multipleUITests */,
				CEC7D35721D07642004687B2 /* tvmaltiple */,
				CEC7D36921D07644004687B2 /* tvmaltipleTests */,
				CEC7D37421D07644004687B2 /* tvmaltipleUITests */,
				CE2E062C21CDF3BE00839251 /* Products */,
			);
			sourceTree = "<group>";
		};
		CE2E062C21CDF3BE00839251 /* Products */ = {
			isa = PBXGroup;
			children = (
				CE2E062B21CDF3BE00839251 /* multiple.app */,
				CE2E063F21CDF3C000839251 /* multipleTests.xctest */,
				CE2E064A21CDF3C000839251 /* multipleUITests.xctest */,
				CEC7D35621D07641004687B2 /* tvmaltiple.app */,
				CEC7D36621D07644004687B2 /* tvmaltipleTests.xctest */,
				CEC7D37121D07644004687B2 /* tvmaltipleUITests.xctest */,
			);
			name = Products;
			sourceTree = "<group>";
		};
		CE2E062D21CDF3BE00839251 /* multiple */ = {
			isa = PBXGroup;
			children = (
				CE2E062E21CDF3BE00839251 /* AppDelegate.swift */,
				CE2E063221CDF3BE00839251 /* Main.storyboard */,
				CE2E063521CDF3C000839251 /* Assets.xcassets */,
				CE2E063721CDF3C000839251 /* LaunchScreen.storyboard */,
				CE2E063A21CDF3C000839251 /* Info.plist */,
				CE2E065C21CE06E900839251 /* AVPlayerView.swift */,
				CE2E065E21CE079F00839251 /* MovieViewController.swift */,
				CE576FFE21CF284B00BC89D7 /* TableViewController.swift */,
			);
			path = multiple;
			sourceTree = "<group>";
		};
		CE2E064221CDF3C000839251 /* multipleTests */ = {
			isa = PBXGroup;
			children = (
				CE2E064321CDF3C000839251 /* multipleTests.swift */,
				CE2E064521CDF3C000839251 /* Info.plist */,
			);
			path = multipleTests;
			sourceTree = "<group>";
		};
		CE2E064D21CDF3C100839251 /* multipleUITests */ = {
			isa = PBXGroup;
			children = (
				CE2E064E21CDF3C100839251 /* multipleUITests.swift */,
				CE2E065021CDF3C100839251 /* Info.plist */,
			);
			path = multipleUITests;
			sourceTree = "<group>";
		};
		CEC7D35721D07642004687B2 /* tvmaltiple */ = {
			isa = PBXGroup;
			children = (
				CEC7D35821D07642004687B2 /* AppDelegate.swift */,
				CEC7D35A21D07642004687B2 /* ViewController.swift */,
				CEC7D35C21D07642004687B2 /* Main.storyboard */,
				CEC7D35F21D07644004687B2 /* Assets.xcassets */,
				CEC7D36121D07644004687B2 /* Info.plist */,
			);
			path = tvmaltiple;
			sourceTree = "<group>";
		};
		CEC7D36921D07644004687B2 /* tvmaltipleTests */ = {
			isa = PBXGroup;
			children = (
				CEC7D36A21D07644004687B2 /* tvmaltipleTests.swift */,
				CEC7D36C21D07644004687B2 /* Info.plist */,
			);
			path = tvmaltipleTests;
			sourceTree = "<group>";
		};
		CEC7D37421D07644004687B2 /* tvmaltipleUITests */ = {
			isa = PBXGroup;
			children = (
				CEC7D37521D07644004687B2 /* tvmaltipleUITests.swift */,
				CEC7D37721D07644004687B2 /* Info.plist */,
			);
			path = tvmaltipleUITests;
			sourceTree = "<group>";
		};
/* End PBXGroup section */

/* Begin PBXNativeTarget section */
		CE2E062A21CDF3BE00839251 /* multiple */ = {
			isa = PBXNativeTarget;
			buildConfigurationList = CE2E065321CDF3C100839251 /* Build configuration list for PBXNativeTarget "multiple" */;
			buildPhases = (
				CE2E062721CDF3BE00839251 /* Sources */,
				CE2E062821CDF3BE00839251 /* Frameworks */,
				CE2E062921CDF3BE00839251 /* Resources */,
			);
			buildRules = (
			);
			dependencies = (
			);
			name = multiple;
			productName = multiple;
			productReference = CE2E062B21CDF3BE00839251 /* multiple.app */;
			productType = "com.apple.product-type.application";
		};
		CE2E063E21CDF3C000839251 /* multipleTests */ = {
			isa = PBXNativeTarget;
			buildConfigurationList = CE2E065621CDF3C100839251 /* Build configuration list for PBXNativeTarget "multipleTests" */;
			buildPhases = (
				CE2E063B21CDF3C000839251 /* Sources */,
				CE2E063C21CDF3C000839251 /* Frameworks */,
				CE2E063D21CDF3C000839251 /* Resources */,
			);
			buildRules = (
			);
			dependencies = (
				CE2E064121CDF3C000839251 /* PBXTargetDependency */,
			);
			name = multipleTests;
			productName = multipleTests;
			productReference = CE2E063F21CDF3C000839251 /* multipleTests.xctest */;
			productType = "com.apple.product-type.bundle.unit-test";
		};
		CE2E064921CDF3C000839251 /* multipleUITests */ = {
			isa = PBXNativeTarget;
			buildConfigurationList = CE2E065921CDF3C100839251 /* Build configuration list for PBXNativeTarget "multipleUITests" */;
			buildPhases = (
				CE2E064621CDF3C000839251 /* Sources */,
				CE2E064721CDF3C000839251 /* Frameworks */,
				CE2E064821CDF3C000839251 /* Resources */,
			);
			buildRules = (
			);
			dependencies = (
				CE2E064C21CDF3C000839251 /* PBXTargetDependency */,
			);
			name = multipleUITests;
			productName = multipleUITests;
			productReference = CE2E064A21CDF3C000839251 /* multipleUITests.xctest */;
			productType = "com.apple.product-type.bundle.ui-testing";
		};
		CEC7D35521D07641004687B2 /* tvmaltiple */ = {
			isa = PBXNativeTarget;
			buildConfigurationList = CEC7D37E21D07644004687B2 /* Build configuration list for PBXNativeTarget "tvmaltiple" */;
			buildPhases = (
				CEC7D35221D07641004687B2 /* Sources */,
				CEC7D35321D07641004687B2 /* Frameworks */,
				CEC7D35421D07641004687B2 /* Resources */,
			);
			buildRules = (
			);
			dependencies = (
			);
			name = tvmaltiple;
			productName = tvmaltiple;
			productReference = CEC7D35621D07641004687B2 /* tvmaltiple.app */;
			productType = "com.apple.product-type.application";
		};
		CEC7D36521D07644004687B2 /* tvmaltipleTests */ = {
			isa = PBXNativeTarget;
			buildConfigurationList = CEC7D37F21D07644004687B2 /* Build configuration list for PBXNativeTarget "tvmaltipleTests" */;
			buildPhases = (
				CEC7D36221D07644004687B2 /* Sources */,
				CEC7D36321D07644004687B2 /* Frameworks */,
				CEC7D36421D07644004687B2 /* Resources */,
			);
			buildRules = (
			);
			dependencies = (
				CEC7D36821D07644004687B2 /* PBXTargetDependency */,
			);
			name = tvmaltipleTests;
			productName = tvmaltipleTests;
			productReference = CEC7D36621D07644004687B2 /* tvmaltipleTests.xctest */;
			productType = "com.apple.product-type.bundle.unit-test";
		};
		CEC7D37021D07644004687B2 /* tvmaltipleUITests */ = {
			isa = PBXNativeTarget;
			buildConfigurationList = CEC7D38021D07644004687B2 /* Build configuration list for PBXNativeTarget "tvmaltipleUITests" */;
			buildPhases = (
				CEC7D36D21D07644004687B2 /* Sources */,
				CEC7D36E21D07644004687B2 /* Frameworks */,
				CEC7D36F21D07644004687B2 /* Resources */,
			);
			buildRules = (
			);
			dependencies = (
				CEC7D37321D07644004687B2 /* PBXTargetDependency */,
			);
			name = tvmaltipleUITests;
			productName = tvmaltipleUITests;
			productReference = CEC7D37121D07644004687B2 /* tvmaltipleUITests.xctest */;
			productType = "com.apple.product-type.bundle.ui-testing";
		};
/* End PBXNativeTarget section */

/* Begin PBXProject section */
		CE2E062321CDF3BE00839251 /* Project object */ = {
			isa = PBXProject;
			attributes = {
				LastSwiftUpdateCheck = 1010;
				LastUpgradeCheck = 1010;
				ORGANIZATIONNAME = COFFEE;
				TargetAttributes = {
					CE2E062A21CDF3BE00839251 = {
						CreatedOnToolsVersion = 10.1;
					};
					CE2E063E21CDF3C000839251 = {
						CreatedOnToolsVersion = 10.1;
						TestTargetID = CE2E062A21CDF3BE00839251;
					};
					CE2E064921CDF3C000839251 = {
						CreatedOnToolsVersion = 10.1;
						TestTargetID = CE2E062A21CDF3BE00839251;
					};
					CEC7D35521D07641004687B2 = {
						CreatedOnToolsVersion = 10.1;
					};
					CEC7D36521D07644004687B2 = {
						CreatedOnToolsVersion = 10.1;
						TestTargetID = CEC7D35521D07641004687B2;
					};
					CEC7D37021D07644004687B2 = {
						CreatedOnToolsVersion = 10.1;
						TestTargetID = CEC7D35521D07641004687B2;
					};
				};
			};
			buildConfigurationList = CE2E062621CDF3BE00839251 /* Build configuration list for PBXProject "multiple" */;
			compatibilityVersion = "Xcode 9.3";
			developmentRegion = en;
			hasScannedForEncodings = 0;
			knownRegions = (
				en,
				Base,
			);
			mainGroup = CE2E062221CDF3BE00839251;
			productRefGroup = CE2E062C21CDF3BE00839251 /* Products */;
			projectDirPath = "";
			projectRoot = "";
			targets = (
				CE2E062A21CDF3BE00839251 /* multiple */,
				CE2E063E21CDF3C000839251 /* multipleTests */,
				CE2E064921CDF3C000839251 /* multipleUITests */,
				CEC7D35521D07641004687B2 /* tvmaltiple */,
				CEC7D36521D07644004687B2 /* tvmaltipleTests */,
				CEC7D37021D07644004687B2 /* tvmaltipleUITests */,
			);
		};
/* End PBXProject section */

/* Begin PBXResourcesBuildPhase section */
		CE2E062921CDF3BE00839251 /* Resources */ = {
			isa = PBXResourcesBuildPhase;
			buildActionMask = 2147483647;
			files = (
				CE2E063921CDF3C000839251 /* LaunchScreen.storyboard in Resources */,
				CE2E063621CDF3C000839251 /* Assets.xcassets in Resources */,
				CE2E063421CDF3BE00839251 /* Main.storyboard in Resources */,
			);
			runOnlyForDeploymentPostprocessing = 0;
		};
		CE2E063D21CDF3C000839251 /* Resources */ = {
			isa = PBXResourcesBuildPhase;
			buildActionMask = 2147483647;
			files = (
			);
			runOnlyForDeploymentPostprocessing = 0;
		};
		CE2E064821CDF3C000839251 /* Resources */ = {
			isa = PBXResourcesBuildPhase;
			buildActionMask = 2147483647;
			files = (
			);
			runOnlyForDeploymentPostprocessing = 0;
		};
		CEC7D35421D07641004687B2 /* Resources */ = {
			isa = PBXResourcesBuildPhase;
			buildActionMask = 2147483647;
			files = (
				CEC7D36021D07644004687B2 /* Assets.xcassets in Resources */,
				CEC7D35E21D07642004687B2 /* Main.storyboard in Resources */,
			);
			runOnlyForDeploymentPostprocessing = 0;
		};
		CEC7D36421D07644004687B2 /* Resources */ = {
			isa = PBXResourcesBuildPhase;
			buildActionMask = 2147483647;
			files = (
			);
			runOnlyForDeploymentPostprocessing = 0;
		};
		CEC7D36F21D07644004687B2 /* Resources */ = {
			isa = PBXResourcesBuildPhase;
			buildActionMask = 2147483647;
			files = (
			);
			runOnlyForDeploymentPostprocessing = 0;
		};
/* End PBXResourcesBuildPhase section */

/* Begin PBXSourcesBuildPhase section */
		CE2E062721CDF3BE00839251 /* Sources */ = {
			isa = PBXSourcesBuildPhase;
			buildActionMask = 2147483647;
			files = (
				CE576FFF21CF284B00BC89D7 /* TableViewController.swift in Sources */,
				CE2E065D21CE06E900839251 /* AVPlayerView.swift in Sources */,
				CE2E062F21CDF3BE00839251 /* AppDelegate.swift in Sources */,
				CE2E065F21CE079F00839251 /* MovieViewController.swift in Sources */,
			);
			runOnlyForDeploymentPostprocessing = 0;
		};
		CE2E063B21CDF3C000839251 /* Sources */ = {
			isa = PBXSourcesBuildPhase;
			buildActionMask = 2147483647;
			files = (
				CE2E064421CDF3C000839251 /* multipleTests.swift in Sources */,
			);
			runOnlyForDeploymentPostprocessing = 0;
		};
		CE2E064621CDF3C000839251 /* Sources */ = {
			isa = PBXSourcesBuildPhase;
			buildActionMask = 2147483647;
			files = (
				CE2E064F21CDF3C100839251 /* multipleUITests.swift in Sources */,
			);
			runOnlyForDeploymentPostprocessing = 0;
		};
		CEC7D35221D07641004687B2 /* Sources */ = {
			isa = PBXSourcesBuildPhase;
			buildActionMask = 2147483647;
			files = (
				CEC7D38221D076DA004687B2 /* AVPlayerView.swift in Sources */,
				CEC7D35B21D07642004687B2 /* ViewController.swift in Sources */,
				CEC7D35921D07642004687B2 /* AppDelegate.swift in Sources */,
				CEC7D38121D0764D004687B2 /* MovieViewController.swift in Sources */,
			);
			runOnlyForDeploymentPostprocessing = 0;
		};
		CEC7D36221D07644004687B2 /* Sources */ = {
			isa = PBXSourcesBuildPhase;
			buildActionMask = 2147483647;
			files = (
				CEC7D36B21D07644004687B2 /* tvmaltipleTests.swift in Sources */,
			);
			runOnlyForDeploymentPostprocessing = 0;
		};
		CEC7D36D21D07644004687B2 /* Sources */ = {
			isa = PBXSourcesBuildPhase;
			buildActionMask = 2147483647;
			files = (
				CEC7D37621D07644004687B2 /* tvmaltipleUITests.swift in Sources */,
			);
			runOnlyForDeploymentPostprocessing = 0;
		};
/* End PBXSourcesBuildPhase section */

/* Begin PBXTargetDependency section */
		CE2E064121CDF3C000839251 /* PBXTargetDependency */ = {
			isa = PBXTargetDependency;
			target = CE2E062A21CDF3BE00839251 /* multiple */;
			targetProxy = CE2E064021CDF3C000839251 /* PBXContainerItemProxy */;
		};
		CE2E064C21CDF3C000839251 /* PBXTargetDependency */ = {
			isa = PBXTargetDependency;
			target = CE2E062A21CDF3BE00839251 /* multiple */;
			targetProxy = CE2E064B21CDF3C000839251 /* PBXContainerItemProxy */;
		};
		CEC7D36821D07644004687B2 /* PBXTargetDependency */ = {
			isa = PBXTargetDependency;
			target = CEC7D35521D07641004687B2 /* tvmaltiple */;
			targetProxy = CEC7D36721D07644004687B2 /* PBXContainerItemProxy */;
		};
		CEC7D37321D07644004687B2 /* PBXTargetDependency */ = {
			isa = PBXTargetDependency;
			target = CEC7D35521D07641004687B2 /* tvmaltiple */;
			targetProxy = CEC7D37221D07644004687B2 /* PBXContainerItemProxy */;
		};
/* End PBXTargetDependency section */

/* Begin PBXVariantGroup section */
		CE2E063221CDF3BE00839251 /* Main.storyboard */ = {
			isa = PBXVariantGroup;
			children = (
				CE2E063321CDF3BE00839251 /* Base */,
			);
			name = Main.storyboard;
			sourceTree = "<group>";
		};
		CE2E063721CDF3C000839251 /* LaunchScreen.storyboard */ = {
			isa = PBXVariantGroup;
			children = (
				CE2E063821CDF3C000839251 /* Base */,
			);
			name = LaunchScreen.storyboard;
			sourceTree = "<group>";
		};
		CEC7D35C21D07642004687B2 /* Main.storyboard */ = {
			isa = PBXVariantGroup;
			children = (
				CEC7D35D21D07642004687B2 /* Base */,
			);
			name = Main.storyboard;
			sourceTree = "<group>";
		};
/* End PBXVariantGroup section */

/* Begin XCBuildConfiguration section */
		CE2E065121CDF3C100839251 /* Debug */ = {
			isa = XCBuildConfiguration;
			buildSettings = {
				ALWAYS_SEARCH_USER_PATHS = NO;
				CLANG_ANALYZER_NONNULL = YES;
				CLANG_ANALYZER_NUMBER_OBJECT_CONVERSION = YES_AGGRESSIVE;
				CLANG_CXX_LANGUAGE_STANDARD = "gnu++14";
				CLANG_CXX_LIBRARY = "libc++";
				CLANG_ENABLE_MODULES = YES;
				CLANG_ENABLE_OBJC_ARC = YES;
				CLANG_ENABLE_OBJC_WEAK = YES;
				CLANG_WARN_BLOCK_CAPTURE_AUTORELEASING = YES;
				CLANG_WARN_BOOL_CONVERSION = YES;
				CLANG_WARN_COMMA = YES;
				CLANG_WARN_CONSTANT_CONVERSION = YES;
				CLANG_WARN_DEPRECATED_OBJC_IMPLEMENTATIONS = YES;
				CLANG_WARN_DIRECT_OBJC_ISA_USAGE = YES_ERROR;
				CLANG_WARN_DOCUMENTATION_COMMENTS = YES;
				CLANG_WARN_EMPTY_BODY = YES;
				CLANG_WARN_ENUM_CONVERSION = YES;
				CLANG_WARN_INFINITE_RECURSION = YES;
				CLANG_WARN_INT_CONVERSION = YES;
				CLANG_WARN_NON_LITERAL_NULL_CONVERSION = YES;
				CLANG_WARN_OBJC_IMPLICIT_RETAIN_SELF = YES;
				CLANG_WARN_OBJC_LITERAL_CONVERSION = YES;
				CLANG_WARN_OBJC_ROOT_CLASS = YES_ERROR;
				CLANG_WARN_RANGE_LOOP_ANALYSIS = YES;
				CLANG_WARN_STRICT_PROTOTYPES = YES;
				CLANG_WARN_SUSPICIOUS_MOVE = YES;
				CLANG_WARN_UNGUARDED_AVAILABILITY = YES_AGGRESSIVE;
				CLANG_WARN_UNREACHABLE_CODE = YES;
				CLANG_WARN__DUPLICATE_METHOD_MATCH = YES;
				CODE_SIGN_IDENTITY = "iPhone Developer";
				COPY_PHASE_STRIP = NO;
				DEBUG_INFORMATION_FORMAT = dwarf;
				ENABLE_STRICT_OBJC_MSGSEND = YES;
				ENABLE_TESTABILITY = YES;
				GCC_C_LANGUAGE_STANDARD = gnu11;
				GCC_DYNAMIC_NO_PIC = NO;
				GCC_NO_COMMON_BLOCKS = YES;
				GCC_OPTIMIZATION_LEVEL = 0;
				GCC_PREPROCESSOR_DEFINITIONS = (
					"DEBUG=1",
					"$(inherited)",
				);
				GCC_WARN_64_TO_32_BIT_CONVERSION = YES;
				GCC_WARN_ABOUT_RETURN_TYPE = YES_ERROR;
				GCC_WARN_UNDECLARED_SELECTOR = YES;
				GCC_WARN_UNINITIALIZED_AUTOS = YES_AGGRESSIVE;
				GCC_WARN_UNUSED_FUNCTION = YES;
				GCC_WARN_UNUSED_VARIABLE = YES;
				IPHONEOS_DEPLOYMENT_TARGET = 12.1;
				MTL_ENABLE_DEBUG_INFO = INCLUDE_SOURCE;
				MTL_FAST_MATH = YES;
				ONLY_ACTIVE_ARCH = YES;
				SDKROOT = iphoneos;
				SWIFT_ACTIVE_COMPILATION_CONDITIONS = DEBUG;
				SWIFT_OPTIMIZATION_LEVEL = "-Onone";
			};
			name = Debug;
		};
		CE2E065221CDF3C100839251 /* Release */ = {
			isa = XCBuildConfiguration;
			buildSettings = {
				ALWAYS_SEARCH_USER_PATHS = NO;
				CLANG_ANALYZER_NONNULL = YES;
				CLANG_ANALYZER_NUMBER_OBJECT_CONVERSION = YES_AGGRESSIVE;
				CLANG_CXX_LANGUAGE_STANDARD = "gnu++14";
				CLANG_CXX_LIBRARY = "libc++";
				CLANG_ENABLE_MODULES = YES;
				CLANG_ENABLE_OBJC_ARC = YES;
				CLANG_ENABLE_OBJC_WEAK = YES;
				CLANG_WARN_BLOCK_CAPTURE_AUTORELEASING = YES;
				CLANG_WARN_BOOL_CONVERSION = YES;
				CLANG_WARN_COMMA = YES;
				CLANG_WARN_CONSTANT_CONVERSION = YES;
				CLANG_WARN_DEPRECATED_OBJC_IMPLEMENTATIONS = YES;
				CLANG_WARN_DIRECT_OBJC_ISA_USAGE = YES_ERROR;
				CLANG_WARN_DOCUMENTATION_COMMENTS = YES;
				CLANG_WARN_EMPTY_BODY = YES;
				CLANG_WARN_ENUM_CONVERSION = YES;
				CLANG_WARN_INFINITE_RECURSION = YES;
				CLANG_WARN_INT_CONVERSION = YES;
				CLANG_WARN_NON_LITERAL_NULL_CONVERSION = YES;
				CLANG_WARN_OBJC_IMPLICIT_RETAIN_SELF = YES;
				CLANG_WARN_OBJC_LITERAL_CONVERSION = YES;
				CLANG_WARN_OBJC_ROOT_CLASS = YES_ERROR;
				CLANG_WARN_RANGE_LOOP_ANALYSIS = YES;
				CLANG_WARN_STRICT_PROTOTYPES = YES;
				CLANG_WARN_SUSPICIOUS_MOVE = YES;
				CLANG_WARN_UNGUARDED_AVAILABILITY = YES_AGGRESSIVE;
				CLANG_WARN_UNREACHABLE_CODE = YES;
				CLANG_WARN__DUPLICATE_METHOD_MATCH = YES;
				CODE_SIGN_IDENTITY = "iPhone Developer";
				COPY_PHASE_STRIP = NO;
				DEBUG_INFORMATION_FORMAT = "dwarf-with-dsym";
				ENABLE_NS_ASSERTIONS = NO;
				ENABLE_STRICT_OBJC_MSGSEND = YES;
				GCC_C_LANGUAGE_STANDARD = gnu11;
				GCC_NO_COMMON_BLOCKS = YES;
				GCC_WARN_64_TO_32_BIT_CONVERSION = YES;
				GCC_WARN_ABOUT_RETURN_TYPE = YES_ERROR;
				GCC_WARN_UNDECLARED_SELECTOR = YES;
				GCC_WARN_UNINITIALIZED_AUTOS = YES_AGGRESSIVE;
				GCC_WARN_UNUSED_FUNCTION = YES;
				GCC_WARN_UNUSED_VARIABLE = YES;
				IPHONEOS_DEPLOYMENT_TARGET = 12.1;
				MTL_ENABLE_DEBUG_INFO = NO;
				MTL_FAST_MATH = YES;
				SDKROOT = iphoneos;
				SWIFT_COMPILATION_MODE = wholemodule;
				SWIFT_OPTIMIZATION_LEVEL = "-O";
				VALIDATE_PRODUCT = YES;
			};
			name = Release;
		};
		CE2E065421CDF3C100839251 /* Debug */ = {
			isa = XCBuildConfiguration;
			buildSettings = {
				ASSETCATALOG_COMPILER_APPICON_NAME = AppIcon;
				CODE_SIGN_STYLE = Automatic;
				DEVELOPMENT_TEAM = J96677DK6N;
				INFOPLIST_FILE = multiple/Info.plist;
				IPHONEOS_DEPLOYMENT_TARGET = 9.3;
				LD_RUNPATH_SEARCH_PATHS = (
					"$(inherited)",
					"@executable_path/Frameworks",
				);
				PRODUCT_BUNDLE_IDENTIFIER = app.hyuga.multiple;
				PRODUCT_NAME = "$(TARGET_NAME)";
				SWIFT_VERSION = 4.2;
				TARGETED_DEVICE_FAMILY = "1,2";
			};
			name = Debug;
		};
		CE2E065521CDF3C100839251 /* Release */ = {
			isa = XCBuildConfiguration;
			buildSettings = {
				ASSETCATALOG_COMPILER_APPICON_NAME = AppIcon;
				CODE_SIGN_STYLE = Automatic;
				DEVELOPMENT_TEAM = J96677DK6N;
				INFOPLIST_FILE = multiple/Info.plist;
				IPHONEOS_DEPLOYMENT_TARGET = 9.3;
				LD_RUNPATH_SEARCH_PATHS = (
					"$(inherited)",
					"@executable_path/Frameworks",
				);
				PRODUCT_BUNDLE_IDENTIFIER = app.hyuga.multiple;
				PRODUCT_NAME = "$(TARGET_NAME)";
				SWIFT_VERSION = 4.2;
				TARGETED_DEVICE_FAMILY = "1,2";
			};
			name = Release;
		};
		CE2E065721CDF3C100839251 /* Debug */ = {
			isa = XCBuildConfiguration;
			buildSettings = {
				ALWAYS_EMBED_SWIFT_STANDARD_LIBRARIES = YES;
				BUNDLE_LOADER = "$(TEST_HOST)";
				CODE_SIGN_STYLE = Automatic;
				DEVELOPMENT_TEAM = J96677DK6N;
				INFOPLIST_FILE = multipleTests/Info.plist;
				LD_RUNPATH_SEARCH_PATHS = (
					"$(inherited)",
					"@executable_path/Frameworks",
					"@loader_path/Frameworks",
				);
				PRODUCT_BUNDLE_IDENTIFIER = app.hyuga.multipleTests;
				PRODUCT_NAME = "$(TARGET_NAME)";
				SWIFT_VERSION = 4.2;
				TARGETED_DEVICE_FAMILY = "1,2";
				TEST_HOST = "$(BUILT_PRODUCTS_DIR)/multiple.app/multiple";
			};
			name = Debug;
		};
		CE2E065821CDF3C100839251 /* Release */ = {
			isa = XCBuildConfiguration;
			buildSettings = {
				ALWAYS_EMBED_SWIFT_STANDARD_LIBRARIES = YES;
				BUNDLE_LOADER = "$(TEST_HOST)";
				CODE_SIGN_STYLE = Automatic;
				DEVELOPMENT_TEAM = J96677DK6N;
				INFOPLIST_FILE = multipleTests/Info.plist;
				LD_RUNPATH_SEARCH_PATHS = (
					"$(inherited)",
					"@executable_path/Frameworks",
					"@loader_path/Frameworks",
				);
				PRODUCT_BUNDLE_IDENTIFIER = app.hyuga.multipleTests;
				PRODUCT_NAME = "$(TARGET_NAME)";
				SWIFT_VERSION = 4.2;
				TARGETED_DEVICE_FAMILY = "1,2";
				TEST_HOST = "$(BUILT_PRODUCTS_DIR)/multiple.app/multiple";
			};
			name = Release;
		};
		CE2E065A21CDF3C100839251 /* Debug */ = {
			isa = XCBuildConfiguration;
			buildSettings = {
				ALWAYS_EMBED_SWIFT_STANDARD_LIBRARIES = YES;
				CODE_SIGN_STYLE = Automatic;
				DEVELOPMENT_TEAM = J96677DK6N;
				INFOPLIST_FILE = multipleUITests/Info.plist;
				LD_RUNPATH_SEARCH_PATHS = (
					"$(inherited)",
					"@executable_path/Frameworks",
					"@loader_path/Frameworks",
				);
				PRODUCT_BUNDLE_IDENTIFIER = app.hyuga.multipleUITests;
				PRODUCT_NAME = "$(TARGET_NAME)";
				SWIFT_VERSION = 4.2;
				TARGETED_DEVICE_FAMILY = "1,2";
				TEST_TARGET_NAME = multiple;
			};
			name = Debug;
		};
		CE2E065B21CDF3C100839251 /* Release */ = {
			isa = XCBuildConfiguration;
			buildSettings = {
				ALWAYS_EMBED_SWIFT_STANDARD_LIBRARIES = YES;
				CODE_SIGN_STYLE = Automatic;
				DEVELOPMENT_TEAM = J96677DK6N;
				INFOPLIST_FILE = multipleUITests/Info.plist;
				LD_RUNPATH_SEARCH_PATHS = (
					"$(inherited)",
					"@executable_path/Frameworks",
					"@loader_path/Frameworks",
				);
				PRODUCT_BUNDLE_IDENTIFIER = app.hyuga.multipleUITests;
				PRODUCT_NAME = "$(TARGET_NAME)";
				SWIFT_VERSION = 4.2;
				TARGETED_DEVICE_FAMILY = "1,2";
				TEST_TARGET_NAME = multiple;
			};
			name = Release;
		};
		CEC7D37821D07644004687B2 /* Debug */ = {
			isa = XCBuildConfiguration;
			buildSettings = {
				ASSETCATALOG_COMPILER_APPICON_NAME = "App Icon & Top Shelf Image";
				ASSETCATALOG_COMPILER_LAUNCHIMAGE_NAME = LaunchImage;
				CODE_SIGN_STYLE = Automatic;
				DEVELOPMENT_TEAM = J96677DK6N;
				INFOPLIST_FILE = tvmaltiple/Info.plist;
				LD_RUNPATH_SEARCH_PATHS = (
					"$(inherited)",
					"@executable_path/Frameworks",
				);
				PRODUCT_BUNDLE_IDENTIFIER = app.hyuga.tvmaltiple;
				PRODUCT_NAME = "$(TARGET_NAME)";
				SDKROOT = appletvos;
				SWIFT_VERSION = 4.2;
				TARGETED_DEVICE_FAMILY = 3;
				TVOS_DEPLOYMENT_TARGET = 12.1;
			};
			name = Debug;
		};
		CEC7D37921D07644004687B2 /* Release */ = {
			isa = XCBuildConfiguration;
			buildSettings = {
				ASSETCATALOG_COMPILER_APPICON_NAME = "App Icon & Top Shelf Image";
				ASSETCATALOG_COMPILER_LAUNCHIMAGE_NAME = LaunchImage;
				CODE_SIGN_STYLE = Automatic;
				DEVELOPMENT_TEAM = J96677DK6N;
				INFOPLIST_FILE = tvmaltiple/Info.plist;
				LD_RUNPATH_SEARCH_PATHS = (
					"$(inherited)",
					"@executable_path/Frameworks",
				);
				PRODUCT_BUNDLE_IDENTIFIER = app.hyuga.tvmaltiple;
				PRODUCT_NAME = "$(TARGET_NAME)";
				SDKROOT = appletvos;
				SWIFT_VERSION = 4.2;
				TARGETED_DEVICE_FAMILY = 3;
				TVOS_DEPLOYMENT_TARGET = 12.1;
			};
			name = Release;
		};
		CEC7D37A21D07644004687B2 /* Debug */ = {
			isa = XCBuildConfiguration;
			buildSettings = {
				ALWAYS_EMBED_SWIFT_STANDARD_LIBRARIES = YES;
				BUNDLE_LOADER = "$(TEST_HOST)";
				CODE_SIGN_STYLE = Automatic;
				DEVELOPMENT_TEAM = J96677DK6N;
				INFOPLIST_FILE = tvmaltipleTests/Info.plist;
				LD_RUNPATH_SEARCH_PATHS = (
					"$(inherited)",
					"@executable_path/Frameworks",
					"@loader_path/Frameworks",
				);
				PRODUCT_BUNDLE_IDENTIFIER = app.hyuga.tvmaltipleTests;
				PRODUCT_NAME = "$(TARGET_NAME)";
				SDKROOT = appletvos;
				SWIFT_VERSION = 4.2;
				TARGETED_DEVICE_FAMILY = 3;
				TEST_HOST = "$(BUILT_PRODUCTS_DIR)/tvmaltiple.app/tvmaltiple";
				TVOS_DEPLOYMENT_TARGET = 12.1;
			};
			name = Debug;
		};
		CEC7D37B21D07644004687B2 /* Release */ = {
			isa = XCBuildConfiguration;
			buildSettings = {
				ALWAYS_EMBED_SWIFT_STANDARD_LIBRARIES = YES;
				BUNDLE_LOADER = "$(TEST_HOST)";
				CODE_SIGN_STYLE = Automatic;
				DEVELOPMENT_TEAM = J96677DK6N;
				INFOPLIST_FILE = tvmaltipleTests/Info.plist;
				LD_RUNPATH_SEARCH_PATHS = (
					"$(inherited)",
					"@executable_path/Frameworks",
					"@loader_path/Frameworks",
				);
				PRODUCT_BUNDLE_IDENTIFIER = app.hyuga.tvmaltipleTests;
				PRODUCT_NAME = "$(TARGET_NAME)";
				SDKROOT = appletvos;
				SWIFT_VERSION = 4.2;
				TARGETED_DEVICE_FAMILY = 3;
				TEST_HOST = "$(BUILT_PRODUCTS_DIR)/tvmaltiple.app/tvmaltiple";
				TVOS_DEPLOYMENT_TARGET = 12.1;
			};
			name = Release;
		};
		CEC7D37C21D07644004687B2 /* Debug */ = {
			isa = XCBuildConfiguration;
			buildSettings = {
				ALWAYS_EMBED_SWIFT_STANDARD_LIBRARIES = YES;
				CODE_SIGN_STYLE = Automatic;
				DEVELOPMENT_TEAM = J96677DK6N;
				INFOPLIST_FILE = tvmaltipleUITests/Info.plist;
				LD_RUNPATH_SEARCH_PATHS = (
					"$(inherited)",
					"@executable_path/Frameworks",
					"@loader_path/Frameworks",
				);
				PRODUCT_BUNDLE_IDENTIFIER = app.hyuga.tvmaltipleUITests;
				PRODUCT_NAME = "$(TARGET_NAME)";
				SDKROOT = appletvos;
				SWIFT_VERSION = 4.2;
				TARGETED_DEVICE_FAMILY = 3;
				TEST_TARGET_NAME = tvmaltiple;
				TVOS_DEPLOYMENT_TARGET = 12.1;
			};
			name = Debug;
		};
		CEC7D37D21D07644004687B2 /* Release */ = {
			isa = XCBuildConfiguration;
			buildSettings = {
				ALWAYS_EMBED_SWIFT_STANDARD_LIBRARIES = YES;
				CODE_SIGN_STYLE = Automatic;
				DEVELOPMENT_TEAM = J96677DK6N;
				INFOPLIST_FILE = tvmaltipleUITests/Info.plist;
				LD_RUNPATH_SEARCH_PATHS = (
					"$(inherited)",
					"@executable_path/Frameworks",
					"@loader_path/Frameworks",
				);
				PRODUCT_BUNDLE_IDENTIFIER = app.hyuga.tvmaltipleUITests;
				PRODUCT_NAME = "$(TARGET_NAME)";
				SDKROOT = appletvos;
				SWIFT_VERSION = 4.2;
				TARGETED_DEVICE_FAMILY = 3;
				TEST_TARGET_NAME = tvmaltiple;
				TVOS_DEPLOYMENT_TARGET = 12.1;
			};
			name = Release;
		};
/* End XCBuildConfiguration section */

/* Begin XCConfigurationList section */
		CE2E062621CDF3BE00839251 /* Build configuration list for PBXProject "multiple" */ = {
			isa = XCConfigurationList;
			buildConfigurations = (
				CE2E065121CDF3C100839251 /* Debug */,
				CE2E065221CDF3C100839251 /* Release */,
			);
			defaultConfigurationIsVisible = 0;
			defaultConfigurationName = Release;
		};
		CE2E065321CDF3C100839251 /* Build configuration list for PBXNativeTarget "multiple" */ = {
			isa = XCConfigurationList;
			buildConfigurations = (
				CE2E065421CDF3C100839251 /* Debug */,
				CE2E065521CDF3C100839251 /* Release */,
			);
			defaultConfigurationIsVisible = 0;
			defaultConfigurationName = Release;
		};
		CE2E065621CDF3C100839251 /* Build configuration list for PBXNativeTarget "multipleTests" */ = {
			isa = XCConfigurationList;
			buildConfigurations = (
				CE2E065721CDF3C100839251 /* Debug */,
				CE2E065821CDF3C100839251 /* Release */,
			);
			defaultConfigurationIsVisible = 0;
			defaultConfigurationName = Release;
		};
		CE2E065921CDF3C100839251 /* Build configuration list for PBXNativeTarget "multipleUITests" */ = {
			isa = XCConfigurationList;
			buildConfigurations = (
				CE2E065A21CDF3C100839251 /* Debug */,
				CE2E065B21CDF3C100839251 /* Release */,
			);
			defaultConfigurationIsVisible = 0;
			defaultConfigurationName = Release;
		};
		CEC7D37E21D07644004687B2 /* Build configuration list for PBXNativeTarget "tvmaltiple" */ = {
			isa = XCConfigurationList;
			buildConfigurations = (
				CEC7D37821D07644004687B2 /* Debug */,
				CEC7D37921D07644004687B2 /* Release */,
			);
			defaultConfigurationIsVisible = 0;
			defaultConfigurationName = Release;
		};
		CEC7D37F21D07644004687B2 /* Build configuration list for PBXNativeTarget "tvmaltipleTests" */ = {
			isa = XCConfigurationList;
			buildConfigurations = (
				CEC7D37A21D07644004687B2 /* Debug */,
				CEC7D37B21D07644004687B2 /* Release */,
			);
			defaultConfigurationIsVisible = 0;
			defaultConfigurationName = Release;
		};
		CEC7D38021D07644004687B2 /* Build configuration list for PBXNativeTarget "tvmaltipleUITests" */ = {
			isa = XCConfigurationList;
			buildConfigurations = (
				CEC7D37C21D07644004687B2 /* Debug */,
				CEC7D37D21D07644004687B2 /* Release */,
			);
			defaultConfigurationIsVisible = 0;
			defaultConfigurationName = Release;
		};
/* End XCConfigurationList section */
	};
	rootObject = CE2E062321CDF3BE00839251 /* Project object */;
}
